Microsoft Visual Studio Solution File, Format Version 7.00
Project("{8BC9CEB8-8B4A-11D0-8D11-00A0C91BC942}") = "3d", "..\nel\src\3d.vcproj", "{FC2E3577-6B2E-4444-8AEF-547D64112B0A}"
EndProject
Project("{8BC9CEB8-8B4A-11D0-8D11-00A0C91BC942}") = "chat", "server\chat\chat.vcproj", "{718E7FD6-14D8-4D17-9131-A7048DAF15D4}"
EndProject
Project("{8BC9CEB8-8B4A-11D0-8D11-00A0C91BC942}") = "client", "client\client.vcproj", "{AD3DD912-E6C4-46C4-9984-CE836AECB258}"
EndProject
Project("{8BC9CEB8-8B4A-11D0-8D11-00A0C91BC942}") = "driver_opengl", "..\nel\src\3d\driver\opengl\driver_opengl.vcproj", "{80B2F98D-8E16-4EE1-B467-5EE95151F94D}"
EndProject
Project("{8BC9CEB8-8B4A-11D0-8D11-00A0C91BC942}") = "frontend", "server\frontend\frontend.vcproj", "{4ECB9DE0-19D6-44F9-A924-BAEEEF00AE3E}"
EndProject
Project("{8BC9CEB8-8B4A-11D0-8D11-00A0C91BC942}") = "misc", "..\nel\src\misc.vcproj", "{492F1B3C-12C3-49CA-9D1C-ADCA0CCF855E}"
EndProject
Project("{8BC9CEB8-8B4A-11D0-8D11-00A0C91BC942}") = "net", "..\nel\src\net.vcproj", "{9E18D500-68D9-4340-87F1-8BFE32F1F72A}"
EndProject
Project("{8BC9CEB8-8B4A-11D0-8D11-00A0C91BC942}") = "pacs", "..\nel\src\pacs.vcproj", "{5464B085-A661-4B88-B474-F73C1FA660B5}"
EndProject
Project("{8BC9CEB8-8B4A-11D0-8D11-00A0C91BC942}") = "position", "server\position\position.vcproj", "{5165876F-5B75-4FAA-8550-16068ACA12C6}"
EndProject
Project("{8BC9CEB8-8B4A-11D0-8D11-00A0C91BC942}") = "sound", "..\nel\src\sound.vcproj", "{C8135064-4977-44C0-8489-5C00B83D410E}"
EndProject
Project("{8BC9CEB8-8B4A-11D0-8D11-00A0C91BC942}") = "sound_lowlevel", "..\nel\src\sound\driver\sound_lowlevel.vcproj", "{C49D08FA-F6B6-41E2-AF02-992AC2EAEB1F}"
EndProject
Global
	GlobalSection(SolutionConfiguration) = preSolution
		ConfigName.0 = Debug
		ConfigName.1 = DebugFast
		ConfigName.2 = Release
		ConfigName.3 = ReleaseDebug
	EndGlobalSection
	GlobalSection(ProjectDependencies) = postSolution
		{FC2E3577-6B2E-4444-8AEF-547D64112B0A}.0 = {492F1B3C-12C3-49CA-9D1C-ADCA0CCF855E}
		{718E7FD6-14D8-4D17-9131-A7048DAF15D4}.0 = {9E18D500-68D9-4340-87F1-8BFE32F1F72A}
		{718E7FD6-14D8-4D17-9131-A7048DAF15D4}.1 = {492F1B3C-12C3-49CA-9D1C-ADCA0CCF855E}
		{AD3DD912-E6C4-46C4-9984-CE836AECB258}.0 = {9E18D500-68D9-4340-87F1-8BFE32F1F72A}
		{AD3DD912-E6C4-46C4-9984-CE836AECB258}.1 = {5464B085-A661-4B88-B474-F73C1FA660B5}
		{AD3DD912-E6C4-46C4-9984-CE836AECB258}.2 = {492F1B3C-12C3-49CA-9D1C-ADCA0CCF855E}
		{AD3DD912-E6C4-46C4-9984-CE836AECB258}.3 = {80B2F98D-8E16-4EE1-B467-5EE95151F94D}
		{AD3DD912-E6C4-46C4-9984-CE836AECB258}.4 = {FC2E3577-6B2E-4444-8AEF-547D64112B0A}
		{80B2F98D-8E16-4EE1-B467-5EE95151F94D}.0 = {C49D08FA-F6B6-41E2-AF02-992AC2EAEB1F}
		{80B2F98D-8E16-4EE1-B467-5EE95151F94D}.1 = {C8135064-4977-44C0-8489-5C00B83D410E}
		{80B2F98D-8E16-4EE1-B467-5EE95151F94D}.2 = {5464B085-A661-4B88-B474-F73C1FA660B5}
		{80B2F98D-8E16-4EE1-B467-5EE95151F94D}.3 = {9E18D500-68D9-4340-87F1-8BFE32F1F72A}
		{80B2F98D-8E16-4EE1-B467-5EE95151F94D}.4 = {492F1B3C-12C3-49CA-9D1C-ADCA0CCF855E}
		{80B2F98D-8E16-4EE1-B467-5EE95151F94D}.5 = {FC2E3577-6B2E-4444-8AEF-547D64112B0A}
		{4ECB9DE0-19D6-44F9-A924-BAEEEF00AE3E}.0 = {9E18D500-68D9-4340-87F1-8BFE32F1F72A}
		{4ECB9DE0-19D6-44F9-A924-BAEEEF00AE3E}.1 = {492F1B3C-12C3-49CA-9D1C-ADCA0CCF855E}
		{5165876F-5B75-4FAA-8550-16068ACA12C6}.0 = {9E18D500-68D9-4340-87F1-8BFE32F1F72A}
		{5165876F-5B75-4FAA-8550-16068ACA12C6}.1 = {492F1B3C-12C3-49CA-9D1C-ADCA0CCF855E}
	EndGlobalSection
	GlobalSection(ProjectConfiguration) = postSolution
		{FC2E3577-6B2E-4444-8AEF-547D64112B0A}.Debug.ActiveCfg = Debug|Win32
		{FC2E3577-6B2E-4444-8AEF-547D64112B0A}.Debug.Build.0 = Debug|Win32
		{FC2E3577-6B2E-4444-8AEF-547D64112B0A}.DebugFast.ActiveCfg = DebugFast|Win32
		{FC2E3577-6B2E-4444-8AEF-547D64112B0A}.DebugFast.Build.0 = DebugFast|Win32
		{FC2E3577-6B2E-4444-8AEF-547D64112B0A}.Release.ActiveCfg = Release|Win32
		{FC2E3577-6B2E-4444-8AEF-547D64112B0A}.Release.Build.0 = Release|Win32
		{FC2E3577-6B2E-4444-8AEF-547D64112B0A}.ReleaseDebug.ActiveCfg = ReleaseDebug|Win32
		{FC2E3577-6B2E-4444-8AEF-547D64112B0A}.ReleaseDebug.Build.0 = ReleaseDebug|Win32
		{718E7FD6-14D8-4D17-9131-A7048DAF15D4}.Debug.ActiveCfg = Debug|Win32
		{718E7FD6-14D8-4D17-9131-A7048DAF15D4}.Debug.Build.0 = Debug|Win32
		{718E7FD6-14D8-4D17-9131-A7048DAF15D4}.DebugFast.ActiveCfg = Debug|Win32
		{718E7FD6-14D8-4D17-9131-A7048DAF15D4}.DebugFast.Build.0 = Debug|Win32
		{718E7FD6-14D8-4D17-9131-A7048DAF15D4}.Release.ActiveCfg = Release|Win32
		{718E7FD6-14D8-4D17-9131-A7048DAF15D4}.Release.Build.0 = Release|Win32
		{718E7FD6-14D8-4D17-9131-A7048DAF15D4}.ReleaseDebug.ActiveCfg = ReleaseDebug|Win32
		{718E7FD6-14D8-4D17-9131-A7048DAF15D4}.ReleaseDebug.Build.0 = ReleaseDebug|Win32
		{AD3DD912-E6C4-46C4-9984-CE836AECB258}.Debug.ActiveCfg = Debug|Win32
		{AD3DD912-E6C4-46C4-9984-CE836AECB258}.Debug.Build.0 = Debug|Win32
		{AD3DD912-E6C4-46C4-9984-CE836AECB258}.DebugFast.ActiveCfg = Debug|Win32
		{AD3DD912-E6C4-46C4-9984-CE836AECB258}.DebugFast.Build.0 = Debug|Win32
		{AD3DD912-E6C4-46C4-9984-CE836AECB258}.Release.ActiveCfg = Release|Win32
		{AD3DD912-E6C4-46C4-9984-CE836AECB258}.Release.Build.0 = Release|Win32
		{AD3DD912-E6C4-46C4-9984-CE836AECB258}.ReleaseDebug.ActiveCfg = ReleaseDebug|Win32
		{AD3DD912-E6C4-46C4-9984-CE836AECB258}.ReleaseDebug.Build.0 = ReleaseDebug|Win32
		{80B2F98D-8E16-4EE1-B467-5EE95151F94D}.Debug.ActiveCfg = Debug|Win32
		{80B2F98D-8E16-4EE1-B467-5EE95151F94D}.Debug.Build.0 = Debug|Win32
		{80B2F98D-8E16-4EE1-B467-5EE95151F94D}.DebugFast.ActiveCfg = DebugFast|Win32
		{80B2F98D-8E16-4EE1-B467-5EE95151F94D}.DebugFast.Build.0 = DebugFast|Win32
		{80B2F98D-8E16-4EE1-B467-5EE95151F94D}.Release.ActiveCfg = Release|Win32
		{80B2F98D-8E16-4EE1-B467-5EE95151F94D}.Release.Build.0 = Release|Win32
		{80B2F98D-8E16-4EE1-B467-5EE95151F94D}.ReleaseDebug.ActiveCfg = ReleaseDebug|Win32
		{80B2F98D-8E16-4EE1-B467-5EE95151F94D}.ReleaseDebug.Build.0 = ReleaseDebug|Win32
		{4ECB9DE0-19D6-44F9-A924-BAEEEF00AE3E}.Debug.ActiveCfg = Debug|Win32
		{4ECB9DE0-19D6-44F9-A924-BAEEEF00AE3E}.Debug.Build.0 = Debug|Win32
		{4ECB9DE0-19D6-44F9-A924-BAEEEF00AE3E}.DebugFast.ActiveCfg = Debug|Win32
		{4ECB9DE0-19D6-44F9-A924-BAEEEF00AE3E}.DebugFast.Build.0 = Debug|Win32
		{4ECB9DE0-19D6-44F9-A924-BAEEEF00AE3E}.Release.ActiveCfg = Release|Win32
		{4ECB9DE0-19D6-44F9-A924-BAEEEF00AE3E}.Release.Build.0 = Release|Win32
		{4ECB9DE0-19D6-44F9-A924-BAEEEF00AE3E}.ReleaseDebug.ActiveCfg = ReleaseDebug|Win32
		{4ECB9DE0-19D6-44F9-A924-BAEEEF00AE3E}.ReleaseDebug.Build.0 = ReleaseDebug|Win32
		{492F1B3C-12C3-49CA-9D1C-ADCA0CCF855E}.Debug.ActiveCfg = Debug|Win32
		{492F1B3C-12C3-49CA-9D1C-ADCA0CCF855E}.Debug.Build.0 = Debug|Win32
		{492F1B3C-12C3-49CA-9D1C-ADCA0CCF855E}.DebugFast.ActiveCfg = DebugFast|Win32
		{492F1B3C-12C3-49CA-9D1C-ADCA0CCF855E}.DebugFast.Build.0 = DebugFast|Win32
		{492F1B3C-12C3-49CA-9D1C-ADCA0CCF855E}.Release.ActiveCfg = Release|Win32
		{492F1B3C-12C3-49CA-9D1C-ADCA0CCF855E}.Release.Build.0 = Release|Win32
		{492F1B3C-12C3-49CA-9D1C-ADCA0CCF855E}.ReleaseDebug.ActiveCfg = ReleaseDebug|Win32
		{492F1B3C-12C3-49CA-9D1C-ADCA0CCF855E}.ReleaseDebug.Build.0 = ReleaseDebug|Win32
		{9E18D500-68D9-4340-87F1-8BFE32F1F72A}.Debug.ActiveCfg = Debug|Win32
		{9E18D500-68D9-4340-87F1-8BFE32F1F72A}.Debug.Build.0 = Debug|Win32
		{9E18D500-68D9-4340-87F1-8BFE32F1F72A}.DebugFast.ActiveCfg = DebugFast|Win32
		{9E18D500-68D9-4340-87F1-8BFE32F1F72A}.DebugFast.Build.0 = DebugFast|Win32
		{9E18D500-68D9-4340-87F1-8BFE32F1F72A}.Release.ActiveCfg = Release|Win32
		{9E18D500-68D9-4340-87F1-8BFE32F1F72A}.Release.Build.0 = Release|Win32
		{9E18D500-68D9-4340-87F1-8BFE32F1F72A}.ReleaseDebug.ActiveCfg = ReleaseDebug|Win32
		{9E18D500-68D9-4340-87F1-8BFE32F1F72A}.ReleaseDebug.Build.0 = ReleaseDebug|Win32
		{5464B085-A661-4B88-B474-F73C1FA660B5}.Debug.ActiveCfg = Debug|Win32
		{5464B085-A661-4B88-B474-F73C1FA660B5}.Debug.Build.0 = Debug|Win32
		{5464B085-A661-4B88-B474-F73C1FA660B5}.DebugFast.ActiveCfg = DebugFast|Win32
		{5464B085-A661-4B88-B474-F73C1FA660B5}.DebugFast.Build.0 = DebugFast|Win32
		{5464B085-A661-4B88-B474-F73C1FA660B5}.Release.ActiveCfg = Release|Win32
		{5464B085-A661-4B88-B474-F73C1FA660B5}.Release.Build.0 = Release|Win32
		{5464B085-A661-4B88-B474-F73C1FA660B5}.ReleaseDebug.ActiveCfg = ReleaseDebug|Win32
		{5464B085-A661-4B88-B474-F73C1FA660B5}.ReleaseDebug.Build.0 = ReleaseDebug|Win32
		{5165876F-5B75-4FAA-8550-16068ACA12C6}.Debug.ActiveCfg = Debug|Win32
		{5165876F-5B75-4FAA-8550-16068ACA12C6}.Debug.Build.0 = Debug|Win32
		{5165876F-5B75-4FAA-8550-16068ACA12C6}.DebugFast.ActiveCfg = Debug|Win32
		{5165876F-5B75-4FAA-8550-16068ACA12C6}.DebugFast.Build.0 = Debug|Win32
		{5165876F-5B75-4FAA-8550-16068ACA12C6}.Release.ActiveCfg = Release|Win32
		{5165876F-5B75-4FAA-8550-16068ACA12C6}.Release.Build.0 = Release|Win32
		{5165876F-5B75-4FAA-8550-16068ACA12C6}.ReleaseDebug.ActiveCfg = ReleaseDebug|Win32
		{5165876F-5B75-4FAA-8550-16068ACA12C6}.ReleaseDebug.Build.0 = ReleaseDebug|Win32
		{C8135064-4977-44C0-8489-5C00B83D410E}.Debug.ActiveCfg = Debug|Win32
		{C8135064-4977-44C0-8489-5C00B83D410E}.Debug.Build.0 = Debug|Win32
		{C8135064-4977-44C0-8489-5C00B83D410E}.DebugFast.ActiveCfg = DebugFast|Win32
		{C8135064-4977-44C0-8489-5C00B83D410E}.DebugFast.Build.0 = DebugFast|Win32
		{C8135064-4977-44C0-8489-5C00B83D410E}.Release.ActiveCfg = Release|Win32
		{C8135064-4977-44C0-8489-5C00B83D410E}.Release.Build.0 = Release|Win32
		{C8135064-4977-44C0-8489-5C00B83D410E}.ReleaseDebug.ActiveCfg = ReleaseDebug|Win32
		{C8135064-4977-44C0-8489-5C00B83D410E}.ReleaseDebug.Build.0 = ReleaseDebug|Win32
		{C49D08FA-F6B6-41E2-AF02-992AC2EAEB1F}.Debug.ActiveCfg = Debug|Win32
		{C49D08FA-F6B6-41E2-AF02-992AC2EAEB1F}.Debug.Build.0 = Debug|Win32
		{C49D08FA-F6B6-41E2-AF02-992AC2EAEB1F}.DebugFast.ActiveCfg = DebugFast|Win32
		{C49D08FA-F6B6-41E2-AF02-992AC2EAEB1F}.DebugFast.Build.0 = DebugFast|Win32
		{C49D08FA-F6B6-41E2-AF02-992AC2EAEB1F}.Release.ActiveCfg = Release|Win32
		{C49D08FA-F6B6-41E2-AF02-992AC2EAEB1F}.Release.Build.0 = Release|Win32
		{C49D08FA-F6B6-41E2-AF02-992AC2EAEB1F}.ReleaseDebug.ActiveCfg = ReleaseDebug|Win32
		{C49D08FA-F6B6-41E2-AF02-992AC2EAEB1F}.ReleaseDebug.Build.0 = ReleaseDebug|Win32
	EndGlobalSection
	GlobalSection(ExtensibilityGlobals) = postSolution
	EndGlobalSection
	GlobalSection(ExtensibilityAddIns) = postSolution
	EndGlobalSection
EndGlobal
