Microsoft Visual Studio Solution File, Format Version 7.00
Project("{8BC9CEB8-8B4A-11D0-8D11-00A0C91BC942}") = "3d", "..\nel\src\3d.vcproj", "{62DC5F5B-1EB2-4A03-905C-6FCF1FCF4FD1}"
EndProject
Project("{8BC9CEB8-8B4A-11D0-8D11-00A0C91BC942}") = "chat", "server\chat\chat.vcproj", "{8F81A715-A898-4BE7-9A29-9672DE7EEC44}"
EndProject
Project("{8BC9CEB8-8B4A-11D0-8D11-00A0C91BC942}") = "client", "client\client.vcproj", "{0A110029-3ED8-44EE-B9BB-7310FE885E43}"
EndProject
Project("{8BC9CEB8-8B4A-11D0-8D11-00A0C91BC942}") = "driver_opengl", "..\nel\src\3d\driver\opengl\driver_opengl.vcproj", "{EE71181A-4A6A-4C23-BE50-983254D307E2}"
EndProject
Project("{8BC9CEB8-8B4A-11D0-8D11-00A0C91BC942}") = "frontend", "server\frontend\frontend.vcproj", "{FA3A1D23-3282-410A-B8B0-516DE7829487}"
EndProject
Project("{8BC9CEB8-8B4A-11D0-8D11-00A0C91BC942}") = "misc", "..\nel\src\misc.vcproj", "{02A92498-6706-4023-A467-D1F0BDC00534}"
EndProject
Project("{8BC9CEB8-8B4A-11D0-8D11-00A0C91BC942}") = "net", "..\nel\src\net.vcproj", "{AA1249AF-F966-47F5-8464-10FD4A42B594}"
EndProject
Project("{8BC9CEB8-8B4A-11D0-8D11-00A0C91BC942}") = "pacs", "..\nel\src\pacs.vcproj", "{38E7A112-BD6A-4DA4-A113-458A24EBE9A9}"
EndProject
Project("{8BC9CEB8-8B4A-11D0-8D11-00A0C91BC942}") = "position", "server\position\position.vcproj", "{C35C8D87-BA8C-4CEF-8AED-DB9E69B2191A}"
EndProject
Project("{8BC9CEB8-8B4A-11D0-8D11-00A0C91BC942}") = "sound", "..\nel\src\sound.vcproj", "{3C53B476-D63B-4FBF-B252-DD2C2AC770B7}"
EndProject
Project("{8BC9CEB8-8B4A-11D0-8D11-00A0C91BC942}") = "sound_lowlevel", "..\nel\src\sound\driver\sound_lowlevel.vcproj", "{97E804AF-E37C-4A9F-BFFA-E8A3A1A461FC}"
EndProject
Global
	GlobalSection(SolutionConfiguration) = preSolution
		ConfigName.0 = Debug
		ConfigName.1 = DebugFast
		ConfigName.2 = Release
		ConfigName.3 = ReleaseDebug
	EndGlobalSection
	GlobalSection(ProjectDependencies) = postSolution
		{62DC5F5B-1EB2-4A03-905C-6FCF1FCF4FD1}.0 = {02A92498-6706-4023-A467-D1F0BDC00534}
		{8F81A715-A898-4BE7-9A29-9672DE7EEC44}.0 = {02A92498-6706-4023-A467-D1F0BDC00534}
		{8F81A715-A898-4BE7-9A29-9672DE7EEC44}.1 = {AA1249AF-F966-47F5-8464-10FD4A42B594}
		{0A110029-3ED8-44EE-B9BB-7310FE885E43}.0 = {62DC5F5B-1EB2-4A03-905C-6FCF1FCF4FD1}
		{0A110029-3ED8-44EE-B9BB-7310FE885E43}.1 = {EE71181A-4A6A-4C23-BE50-983254D307E2}
		{0A110029-3ED8-44EE-B9BB-7310FE885E43}.2 = {02A92498-6706-4023-A467-D1F0BDC00534}
		{0A110029-3ED8-44EE-B9BB-7310FE885E43}.3 = {38E7A112-BD6A-4DA4-A113-458A24EBE9A9}
		{0A110029-3ED8-44EE-B9BB-7310FE885E43}.4 = {AA1249AF-F966-47F5-8464-10FD4A42B594}
		{0A110029-3ED8-44EE-B9BB-7310FE885E43}.5 = {3C53B476-D63B-4FBF-B252-DD2C2AC770B7}
		{0A110029-3ED8-44EE-B9BB-7310FE885E43}.6 = {97E804AF-E37C-4A9F-BFFA-E8A3A1A461FC}
		{EE71181A-4A6A-4C23-BE50-983254D307E2}.0 = {62DC5F5B-1EB2-4A03-905C-6FCF1FCF4FD1}
		{EE71181A-4A6A-4C23-BE50-983254D307E2}.1 = {02A92498-6706-4023-A467-D1F0BDC00534}
		{EE71181A-4A6A-4C23-BE50-983254D307E2}.2 = {AA1249AF-F966-47F5-8464-10FD4A42B594}
		{EE71181A-4A6A-4C23-BE50-983254D307E2}.3 = {38E7A112-BD6A-4DA4-A113-458A24EBE9A9}
		{EE71181A-4A6A-4C23-BE50-983254D307E2}.4 = {3C53B476-D63B-4FBF-B252-DD2C2AC770B7}
		{EE71181A-4A6A-4C23-BE50-983254D307E2}.5 = {97E804AF-E37C-4A9F-BFFA-E8A3A1A461FC}
		{FA3A1D23-3282-410A-B8B0-516DE7829487}.0 = {02A92498-6706-4023-A467-D1F0BDC00534}
		{FA3A1D23-3282-410A-B8B0-516DE7829487}.1 = {AA1249AF-F966-47F5-8464-10FD4A42B594}
		{C35C8D87-BA8C-4CEF-8AED-DB9E69B2191A}.0 = {02A92498-6706-4023-A467-D1F0BDC00534}
		{C35C8D87-BA8C-4CEF-8AED-DB9E69B2191A}.1 = {AA1249AF-F966-47F5-8464-10FD4A42B594}
	EndGlobalSection
	GlobalSection(ProjectConfiguration) = postSolution
		{62DC5F5B-1EB2-4A03-905C-6FCF1FCF4FD1}.Debug.ActiveCfg = Debug|Win32
		{62DC5F5B-1EB2-4A03-905C-6FCF1FCF4FD1}.Debug.Build.0 = Debug|Win32
		{62DC5F5B-1EB2-4A03-905C-6FCF1FCF4FD1}.DebugFast.ActiveCfg = DebugFast|Win32
		{62DC5F5B-1EB2-4A03-905C-6FCF1FCF4FD1}.DebugFast.Build.0 = DebugFast|Win32
		{62DC5F5B-1EB2-4A03-905C-6FCF1FCF4FD1}.Release.ActiveCfg = Release|Win32
		{62DC5F5B-1EB2-4A03-905C-6FCF1FCF4FD1}.Release.Build.0 = Release|Win32
		{62DC5F5B-1EB2-4A03-905C-6FCF1FCF4FD1}.ReleaseDebug.ActiveCfg = ReleaseDebug|Win32
		{62DC5F5B-1EB2-4A03-905C-6FCF1FCF4FD1}.ReleaseDebug.Build.0 = ReleaseDebug|Win32
		{8F81A715-A898-4BE7-9A29-9672DE7EEC44}.Debug.ActiveCfg = Debug|Win32
		{8F81A715-A898-4BE7-9A29-9672DE7EEC44}.Debug.Build.0 = Debug|Win32
		{8F81A715-A898-4BE7-9A29-9672DE7EEC44}.DebugFast.ActiveCfg = DebugFast|Win32
		{8F81A715-A898-4BE7-9A29-9672DE7EEC44}.DebugFast.Build.0 = DebugFast|Win32
		{8F81A715-A898-4BE7-9A29-9672DE7EEC44}.Release.ActiveCfg = Release|Win32
		{8F81A715-A898-4BE7-9A29-9672DE7EEC44}.Release.Build.0 = Release|Win32
		{8F81A715-A898-4BE7-9A29-9672DE7EEC44}.ReleaseDebug.ActiveCfg = ReleaseDebug|Win32
		{8F81A715-A898-4BE7-9A29-9672DE7EEC44}.ReleaseDebug.Build.0 = ReleaseDebug|Win32
		{0A110029-3ED8-44EE-B9BB-7310FE885E43}.Debug.ActiveCfg = Debug|Win32
		{0A110029-3ED8-44EE-B9BB-7310FE885E43}.Debug.Build.0 = Debug|Win32
		{0A110029-3ED8-44EE-B9BB-7310FE885E43}.DebugFast.ActiveCfg = DebugFast|Win32
		{0A110029-3ED8-44EE-B9BB-7310FE885E43}.DebugFast.Build.0 = DebugFast|Win32
		{0A110029-3ED8-44EE-B9BB-7310FE885E43}.Release.ActiveCfg = Release|Win32
		{0A110029-3ED8-44EE-B9BB-7310FE885E43}.Release.Build.0 = Release|Win32
		{0A110029-3ED8-44EE-B9BB-7310FE885E43}.ReleaseDebug.ActiveCfg = ReleaseDebug|Win32
		{0A110029-3ED8-44EE-B9BB-7310FE885E43}.ReleaseDebug.Build.0 = ReleaseDebug|Win32
		{EE71181A-4A6A-4C23-BE50-983254D307E2}.Debug.ActiveCfg = Debug|Win32
		{EE71181A-4A6A-4C23-BE50-983254D307E2}.Debug.Build.0 = Debug|Win32
		{EE71181A-4A6A-4C23-BE50-983254D307E2}.DebugFast.ActiveCfg = DebugFast|Win32
		{EE71181A-4A6A-4C23-BE50-983254D307E2}.DebugFast.Build.0 = DebugFast|Win32
		{EE71181A-4A6A-4C23-BE50-983254D307E2}.Release.ActiveCfg = Release|Win32
		{EE71181A-4A6A-4C23-BE50-983254D307E2}.Release.Build.0 = Release|Win32
		{EE71181A-4A6A-4C23-BE50-983254D307E2}.ReleaseDebug.ActiveCfg = ReleaseDebug|Win32
		{EE71181A-4A6A-4C23-BE50-983254D307E2}.ReleaseDebug.Build.0 = ReleaseDebug|Win32
		{FA3A1D23-3282-410A-B8B0-516DE7829487}.Debug.ActiveCfg = Debug|Win32
		{FA3A1D23-3282-410A-B8B0-516DE7829487}.Debug.Build.0 = Debug|Win32
		{FA3A1D23-3282-410A-B8B0-516DE7829487}.DebugFast.ActiveCfg = DebugFast|Win32
		{FA3A1D23-3282-410A-B8B0-516DE7829487}.DebugFast.Build.0 = DebugFast|Win32
		{FA3A1D23-3282-410A-B8B0-516DE7829487}.Release.ActiveCfg = Release|Win32
		{FA3A1D23-3282-410A-B8B0-516DE7829487}.Release.Build.0 = Release|Win32
		{FA3A1D23-3282-410A-B8B0-516DE7829487}.ReleaseDebug.ActiveCfg = ReleaseDebug|Win32
		{FA3A1D23-3282-410A-B8B0-516DE7829487}.ReleaseDebug.Build.0 = ReleaseDebug|Win32
		{02A92498-6706-4023-A467-D1F0BDC00534}.Debug.ActiveCfg = Debug|Win32
		{02A92498-6706-4023-A467-D1F0BDC00534}.Debug.Build.0 = Debug|Win32
		{02A92498-6706-4023-A467-D1F0BDC00534}.DebugFast.ActiveCfg = DebugFast|Win32
		{02A92498-6706-4023-A467-D1F0BDC00534}.DebugFast.Build.0 = DebugFast|Win32
		{02A92498-6706-4023-A467-D1F0BDC00534}.Release.ActiveCfg = Release|Win32
		{02A92498-6706-4023-A467-D1F0BDC00534}.Release.Build.0 = Release|Win32
		{02A92498-6706-4023-A467-D1F0BDC00534}.ReleaseDebug.ActiveCfg = ReleaseDebug|Win32
		{02A92498-6706-4023-A467-D1F0BDC00534}.ReleaseDebug.Build.0 = ReleaseDebug|Win32
		{AA1249AF-F966-47F5-8464-10FD4A42B594}.Debug.ActiveCfg = Debug|Win32
		{AA1249AF-F966-47F5-8464-10FD4A42B594}.Debug.Build.0 = Debug|Win32
		{AA1249AF-F966-47F5-8464-10FD4A42B594}.DebugFast.ActiveCfg = DebugFast|Win32
		{AA1249AF-F966-47F5-8464-10FD4A42B594}.DebugFast.Build.0 = DebugFast|Win32
		{AA1249AF-F966-47F5-8464-10FD4A42B594}.Release.ActiveCfg = Release|Win32
		{AA1249AF-F966-47F5-8464-10FD4A42B594}.Release.Build.0 = Release|Win32
		{AA1249AF-F966-47F5-8464-10FD4A42B594}.ReleaseDebug.ActiveCfg = ReleaseDebug|Win32
		{AA1249AF-F966-47F5-8464-10FD4A42B594}.ReleaseDebug.Build.0 = ReleaseDebug|Win32
		{38E7A112-BD6A-4DA4-A113-458A24EBE9A9}.Debug.ActiveCfg = Debug|Win32
		{38E7A112-BD6A-4DA4-A113-458A24EBE9A9}.Debug.Build.0 = Debug|Win32
		{38E7A112-BD6A-4DA4-A113-458A24EBE9A9}.DebugFast.ActiveCfg = DebugFast|Win32
		{38E7A112-BD6A-4DA4-A113-458A24EBE9A9}.DebugFast.Build.0 = DebugFast|Win32
		{38E7A112-BD6A-4DA4-A113-458A24EBE9A9}.Release.ActiveCfg = Release|Win32
		{38E7A112-BD6A-4DA4-A113-458A24EBE9A9}.Release.Build.0 = Release|Win32
		{38E7A112-BD6A-4DA4-A113-458A24EBE9A9}.ReleaseDebug.ActiveCfg = ReleaseDebug|Win32
		{38E7A112-BD6A-4DA4-A113-458A24EBE9A9}.ReleaseDebug.Build.0 = ReleaseDebug|Win32
		{C35C8D87-BA8C-4CEF-8AED-DB9E69B2191A}.Debug.ActiveCfg = Debug|Win32
		{C35C8D87-BA8C-4CEF-8AED-DB9E69B2191A}.Debug.Build.0 = Debug|Win32
		{C35C8D87-BA8C-4CEF-8AED-DB9E69B2191A}.DebugFast.ActiveCfg = DebugFast|Win32
		{C35C8D87-BA8C-4CEF-8AED-DB9E69B2191A}.DebugFast.Build.0 = DebugFast|Win32
		{C35C8D87-BA8C-4CEF-8AED-DB9E69B2191A}.Release.ActiveCfg = Release|Win32
		{C35C8D87-BA8C-4CEF-8AED-DB9E69B2191A}.Release.Build.0 = Release|Win32
		{C35C8D87-BA8C-4CEF-8AED-DB9E69B2191A}.ReleaseDebug.ActiveCfg = ReleaseDebug|Win32
		{C35C8D87-BA8C-4CEF-8AED-DB9E69B2191A}.ReleaseDebug.Build.0 = ReleaseDebug|Win32
		{3C53B476-D63B-4FBF-B252-DD2C2AC770B7}.Debug.ActiveCfg = Debug|Win32
		{3C53B476-D63B-4FBF-B252-DD2C2AC770B7}.Debug.Build.0 = Debug|Win32
		{3C53B476-D63B-4FBF-B252-DD2C2AC770B7}.DebugFast.ActiveCfg = DebugFast|Win32
		{3C53B476-D63B-4FBF-B252-DD2C2AC770B7}.DebugFast.Build.0 = DebugFast|Win32
		{3C53B476-D63B-4FBF-B252-DD2C2AC770B7}.Release.ActiveCfg = Release|Win32
		{3C53B476-D63B-4FBF-B252-DD2C2AC770B7}.Release.Build.0 = Release|Win32
		{3C53B476-D63B-4FBF-B252-DD2C2AC770B7}.ReleaseDebug.ActiveCfg = ReleaseDebug|Win32
		{3C53B476-D63B-4FBF-B252-DD2C2AC770B7}.ReleaseDebug.Build.0 = ReleaseDebug|Win32
		{97E804AF-E37C-4A9F-BFFA-E8A3A1A461FC}.Debug.ActiveCfg = Debug|Win32
		{97E804AF-E37C-4A9F-BFFA-E8A3A1A461FC}.Debug.Build.0 = Debug|Win32
		{97E804AF-E37C-4A9F-BFFA-E8A3A1A461FC}.DebugFast.ActiveCfg = DebugFast|Win32
		{97E804AF-E37C-4A9F-BFFA-E8A3A1A461FC}.DebugFast.Build.0 = DebugFast|Win32
		{97E804AF-E37C-4A9F-BFFA-E8A3A1A461FC}.Release.ActiveCfg = Release|Win32
		{97E804AF-E37C-4A9F-BFFA-E8A3A1A461FC}.Release.Build.0 = Release|Win32
		{97E804AF-E37C-4A9F-BFFA-E8A3A1A461FC}.ReleaseDebug.ActiveCfg = ReleaseDebug|Win32
		{97E804AF-E37C-4A9F-BFFA-E8A3A1A461FC}.ReleaseDebug.Build.0 = ReleaseDebug|Win32
	EndGlobalSection
	GlobalSection(ExtensibilityGlobals) = postSolution
	EndGlobalSection
	GlobalSection(ExtensibilityAddIns) = postSolution
	EndGlobalSection
EndGlobal
