Microsoft Visual Studio Solution File, Format Version 7.00
Project("{8BC9CEB8-8B4A-11D0-8D11-00A0C91BC942}") = "3d", "src\3d.vcproj", "{5E74CD46-50A8-48B0-9DD5-147160C12EF2}"
EndProject
Project("{8BC9CEB8-8B4A-11D0-8D11-00A0C91BC942}") = "driver_dsound", "src\sound\driver\dsound\driver_dsound.vcproj", "{A217993C-98E5-432D-8D59-CB3A5DBC8953}"
EndProject
Project("{8BC9CEB8-8B4A-11D0-8D11-00A0C91BC942}") = "driver_opengl", "src\3d\driver\opengl\driver_opengl.vcproj", "{6D2B72FE-7B61-4005-BD5B-58A2430BCD52}"
EndProject
Project("{8BC9CEB8-8B4A-11D0-8D11-00A0C91BC942}") = "georges", "src\georges.vcproj", "{75322047-6190-4CD2-8515-1735F9685121}"
EndProject
Project("{8BC9CEB8-8B4A-11D0-8D11-00A0C91BC942}") = "ligo", "src\ligo.vcproj", "{0F217DAB-18A5-4122-A12E-536951BA0732}"
EndProject
Project("{8BC9CEB8-8B4A-11D0-8D11-00A0C91BC942}") = "logic", "src\logic.vcproj", "{CE75C3BC-CF4D-4D4F-AB7A-F26C8CC88700}"
EndProject
Project("{8BC9CEB8-8B4A-11D0-8D11-00A0C91BC942}") = "memory", "src\memory.vcproj", "{7D939370-7FD0-49A8-81A1-0D7AF86B457D}"
EndProject
Project("{8BC9CEB8-8B4A-11D0-8D11-00A0C91BC942}") = "misc", "src\misc.vcproj", "{8F7357D7-CDC9-4D62-839E-D612B6647AA7}"
EndProject
Project("{8BC9CEB8-8B4A-11D0-8D11-00A0C91BC942}") = "nel", "SRC\nel.vcproj", "{CA846CA0-6C00-4A87-B511-3B15408CF6D7}"
EndProject
Project("{8BC9CEB8-8B4A-11D0-8D11-00A0C91BC942}") = "net", "src\net.vcproj", "{C5742AC5-ED61-449A-92C5-07341ECDABA6}"
EndProject
Project("{8BC9CEB8-8B4A-11D0-8D11-00A0C91BC942}") = "pacs", "src\pacs.vcproj", "{2A1CC355-53D9-44FA-82CF-C6D1CEB121BB}"
EndProject
Project("{8BC9CEB8-8B4A-11D0-8D11-00A0C91BC942}") = "sound", "src\sound.vcproj", "{D8460D6B-4AD7-467E-BD4E-808768E4D632}"
EndProject
Project("{8BC9CEB8-8B4A-11D0-8D11-00A0C91BC942}") = "sound_lowlevel", "src\sound\driver\sound_lowlevel.vcproj", "{DFEF50D4-DC70-4813-AE1A-5EFF21B44604}"
EndProject
Global
	GlobalSection(SolutionConfiguration) = preSolution
		ConfigName.0 = Debug
		ConfigName.1 = DebugFast
		ConfigName.2 = Release
		ConfigName.3 = ReleaseDebug
	EndGlobalSection
	GlobalSection(ProjectDependencies) = postSolution
		{5E74CD46-50A8-48B0-9DD5-147160C12EF2}.0 = {8F7357D7-CDC9-4D62-839E-D612B6647AA7}
		{A217993C-98E5-432D-8D59-CB3A5DBC8953}.0 = {DFEF50D4-DC70-4813-AE1A-5EFF21B44604}
		{A217993C-98E5-432D-8D59-CB3A5DBC8953}.1 = {8F7357D7-CDC9-4D62-839E-D612B6647AA7}
		{6D2B72FE-7B61-4005-BD5B-58A2430BCD52}.0 = {5E74CD46-50A8-48B0-9DD5-147160C12EF2}
		{CA846CA0-6C00-4A87-B511-3B15408CF6D7}.0 = {7D939370-7FD0-49A8-81A1-0D7AF86B457D}
		{CA846CA0-6C00-4A87-B511-3B15408CF6D7}.1 = {CE75C3BC-CF4D-4D4F-AB7A-F26C8CC88700}
		{CA846CA0-6C00-4A87-B511-3B15408CF6D7}.2 = {A217993C-98E5-432D-8D59-CB3A5DBC8953}
		{CA846CA0-6C00-4A87-B511-3B15408CF6D7}.3 = {0F217DAB-18A5-4122-A12E-536951BA0732}
		{CA846CA0-6C00-4A87-B511-3B15408CF6D7}.4 = {75322047-6190-4CD2-8515-1735F9685121}
		{CA846CA0-6C00-4A87-B511-3B15408CF6D7}.5 = {DFEF50D4-DC70-4813-AE1A-5EFF21B44604}
		{CA846CA0-6C00-4A87-B511-3B15408CF6D7}.6 = {D8460D6B-4AD7-467E-BD4E-808768E4D632}
		{CA846CA0-6C00-4A87-B511-3B15408CF6D7}.7 = {2A1CC355-53D9-44FA-82CF-C6D1CEB121BB}
		{CA846CA0-6C00-4A87-B511-3B15408CF6D7}.8 = {C5742AC5-ED61-449A-92C5-07341ECDABA6}
		{CA846CA0-6C00-4A87-B511-3B15408CF6D7}.9 = {8F7357D7-CDC9-4D62-839E-D612B6647AA7}
		{CA846CA0-6C00-4A87-B511-3B15408CF6D7}.10 = {6D2B72FE-7B61-4005-BD5B-58A2430BCD52}
		{CA846CA0-6C00-4A87-B511-3B15408CF6D7}.11 = {5E74CD46-50A8-48B0-9DD5-147160C12EF2}
		{C5742AC5-ED61-449A-92C5-07341ECDABA6}.0 = {8F7357D7-CDC9-4D62-839E-D612B6647AA7}
		{D8460D6B-4AD7-467E-BD4E-808768E4D632}.0 = {DFEF50D4-DC70-4813-AE1A-5EFF21B44604}
	EndGlobalSection
	GlobalSection(ProjectConfiguration) = postSolution
		{5E74CD46-50A8-48B0-9DD5-147160C12EF2}.Debug.ActiveCfg = Debug|Win32
		{5E74CD46-50A8-48B0-9DD5-147160C12EF2}.Debug.Build.0 = Debug|Win32
		{5E74CD46-50A8-48B0-9DD5-147160C12EF2}.DebugFast.ActiveCfg = DebugFast|Win32
		{5E74CD46-50A8-48B0-9DD5-147160C12EF2}.DebugFast.Build.0 = DebugFast|Win32
		{5E74CD46-50A8-48B0-9DD5-147160C12EF2}.Release.ActiveCfg = Release|Win32
		{5E74CD46-50A8-48B0-9DD5-147160C12EF2}.Release.Build.0 = Release|Win32
		{5E74CD46-50A8-48B0-9DD5-147160C12EF2}.ReleaseDebug.ActiveCfg = ReleaseDebug|Win32
		{5E74CD46-50A8-48B0-9DD5-147160C12EF2}.ReleaseDebug.Build.0 = ReleaseDebug|Win32
		{A217993C-98E5-432D-8D59-CB3A5DBC8953}.Debug.ActiveCfg = Debug|Win32
		{A217993C-98E5-432D-8D59-CB3A5DBC8953}.Debug.Build.0 = Debug|Win32
		{A217993C-98E5-432D-8D59-CB3A5DBC8953}.DebugFast.ActiveCfg = DebugFast|Win32
		{A217993C-98E5-432D-8D59-CB3A5DBC8953}.DebugFast.Build.0 = DebugFast|Win32
		{A217993C-98E5-432D-8D59-CB3A5DBC8953}.Release.ActiveCfg = Release|Win32
		{A217993C-98E5-432D-8D59-CB3A5DBC8953}.Release.Build.0 = Release|Win32
		{A217993C-98E5-432D-8D59-CB3A5DBC8953}.ReleaseDebug.ActiveCfg = ReleaseDebug|Win32
		{A217993C-98E5-432D-8D59-CB3A5DBC8953}.ReleaseDebug.Build.0 = ReleaseDebug|Win32
		{6D2B72FE-7B61-4005-BD5B-58A2430BCD52}.Debug.ActiveCfg = Debug|Win32
		{6D2B72FE-7B61-4005-BD5B-58A2430BCD52}.Debug.Build.0 = Debug|Win32
		{6D2B72FE-7B61-4005-BD5B-58A2430BCD52}.DebugFast.ActiveCfg = DebugFast|Win32
		{6D2B72FE-7B61-4005-BD5B-58A2430BCD52}.DebugFast.Build.0 = DebugFast|Win32
		{6D2B72FE-7B61-4005-BD5B-58A2430BCD52}.Release.ActiveCfg = Release|Win32
		{6D2B72FE-7B61-4005-BD5B-58A2430BCD52}.Release.Build.0 = Release|Win32
		{6D2B72FE-7B61-4005-BD5B-58A2430BCD52}.ReleaseDebug.ActiveCfg = ReleaseDebug|Win32
		{6D2B72FE-7B61-4005-BD5B-58A2430BCD52}.ReleaseDebug.Build.0 = ReleaseDebug|Win32
		{75322047-6190-4CD2-8515-1735F9685121}.Debug.ActiveCfg = Debug|Win32
		{75322047-6190-4CD2-8515-1735F9685121}.Debug.Build.0 = Debug|Win32
		{75322047-6190-4CD2-8515-1735F9685121}.DebugFast.ActiveCfg = DebugFast|Win32
		{75322047-6190-4CD2-8515-1735F9685121}.DebugFast.Build.0 = DebugFast|Win32
		{75322047-6190-4CD2-8515-1735F9685121}.Release.ActiveCfg = Release|Win32
		{75322047-6190-4CD2-8515-1735F9685121}.Release.Build.0 = Release|Win32
		{75322047-6190-4CD2-8515-1735F9685121}.ReleaseDebug.ActiveCfg = ReleaseDebug|Win32
		{75322047-6190-4CD2-8515-1735F9685121}.ReleaseDebug.Build.0 = ReleaseDebug|Win32
		{0F217DAB-18A5-4122-A12E-536951BA0732}.Debug.ActiveCfg = Debug|Win32
		{0F217DAB-18A5-4122-A12E-536951BA0732}.Debug.Build.0 = Debug|Win32
		{0F217DAB-18A5-4122-A12E-536951BA0732}.DebugFast.ActiveCfg = DebugFast|Win32
		{0F217DAB-18A5-4122-A12E-536951BA0732}.DebugFast.Build.0 = DebugFast|Win32
		{0F217DAB-18A5-4122-A12E-536951BA0732}.Release.ActiveCfg = Release|Win32
		{0F217DAB-18A5-4122-A12E-536951BA0732}.Release.Build.0 = Release|Win32
		{0F217DAB-18A5-4122-A12E-536951BA0732}.ReleaseDebug.ActiveCfg = ReleaseDebug|Win32
		{0F217DAB-18A5-4122-A12E-536951BA0732}.ReleaseDebug.Build.0 = ReleaseDebug|Win32
		{CE75C3BC-CF4D-4D4F-AB7A-F26C8CC88700}.Debug.ActiveCfg = Debug|Win32
		{CE75C3BC-CF4D-4D4F-AB7A-F26C8CC88700}.Debug.Build.0 = Debug|Win32
		{CE75C3BC-CF4D-4D4F-AB7A-F26C8CC88700}.DebugFast.ActiveCfg = DebugFast|Win32
		{CE75C3BC-CF4D-4D4F-AB7A-F26C8CC88700}.DebugFast.Build.0 = DebugFast|Win32
		{CE75C3BC-CF4D-4D4F-AB7A-F26C8CC88700}.Release.ActiveCfg = Release|Win32
		{CE75C3BC-CF4D-4D4F-AB7A-F26C8CC88700}.Release.Build.0 = Release|Win32
		{CE75C3BC-CF4D-4D4F-AB7A-F26C8CC88700}.ReleaseDebug.ActiveCfg = ReleaseDebug|Win32
		{CE75C3BC-CF4D-4D4F-AB7A-F26C8CC88700}.ReleaseDebug.Build.0 = ReleaseDebug|Win32
		{7D939370-7FD0-49A8-81A1-0D7AF86B457D}.Debug.ActiveCfg = Debug|Win32
		{7D939370-7FD0-49A8-81A1-0D7AF86B457D}.Debug.Build.0 = Debug|Win32
		{7D939370-7FD0-49A8-81A1-0D7AF86B457D}.DebugFast.ActiveCfg = DebugFast|Win32
		{7D939370-7FD0-49A8-81A1-0D7AF86B457D}.DebugFast.Build.0 = DebugFast|Win32
		{7D939370-7FD0-49A8-81A1-0D7AF86B457D}.Release.ActiveCfg = Release|Win32
		{7D939370-7FD0-49A8-81A1-0D7AF86B457D}.Release.Build.0 = Release|Win32
		{7D939370-7FD0-49A8-81A1-0D7AF86B457D}.ReleaseDebug.ActiveCfg = ReleaseDebug|Win32
		{7D939370-7FD0-49A8-81A1-0D7AF86B457D}.ReleaseDebug.Build.0 = ReleaseDebug|Win32
		{8F7357D7-CDC9-4D62-839E-D612B6647AA7}.Debug.ActiveCfg = Debug|Win32
		{8F7357D7-CDC9-4D62-839E-D612B6647AA7}.Debug.Build.0 = Debug|Win32
		{8F7357D7-CDC9-4D62-839E-D612B6647AA7}.DebugFast.ActiveCfg = DebugFast|Win32
		{8F7357D7-CDC9-4D62-839E-D612B6647AA7}.DebugFast.Build.0 = DebugFast|Win32
		{8F7357D7-CDC9-4D62-839E-D612B6647AA7}.Release.ActiveCfg = Release|Win32
		{8F7357D7-CDC9-4D62-839E-D612B6647AA7}.Release.Build.0 = Release|Win32
		{8F7357D7-CDC9-4D62-839E-D612B6647AA7}.ReleaseDebug.ActiveCfg = ReleaseDebug|Win32
		{8F7357D7-CDC9-4D62-839E-D612B6647AA7}.ReleaseDebug.Build.0 = ReleaseDebug|Win32
		{CA846CA0-6C00-4A87-B511-3B15408CF6D7}.Debug.ActiveCfg = Debug|Win32
		{CA846CA0-6C00-4A87-B511-3B15408CF6D7}.Debug.Build.0 = Debug|Win32
		{CA846CA0-6C00-4A87-B511-3B15408CF6D7}.DebugFast.ActiveCfg = DebugFast|Win32
		{CA846CA0-6C00-4A87-B511-3B15408CF6D7}.DebugFast.Build.0 = DebugFast|Win32
		{CA846CA0-6C00-4A87-B511-3B15408CF6D7}.Release.ActiveCfg = Release|Win32
		{CA846CA0-6C00-4A87-B511-3B15408CF6D7}.Release.Build.0 = Release|Win32
		{CA846CA0-6C00-4A87-B511-3B15408CF6D7}.ReleaseDebug.ActiveCfg = ReleaseDebug|Win32
		{CA846CA0-6C00-4A87-B511-3B15408CF6D7}.ReleaseDebug.Build.0 = ReleaseDebug|Win32
		{C5742AC5-ED61-449A-92C5-07341ECDABA6}.Debug.ActiveCfg = Debug|Win32
		{C5742AC5-ED61-449A-92C5-07341ECDABA6}.Debug.Build.0 = Debug|Win32
		{C5742AC5-ED61-449A-92C5-07341ECDABA6}.DebugFast.ActiveCfg = DebugFast|Win32
		{C5742AC5-ED61-449A-92C5-07341ECDABA6}.DebugFast.Build.0 = DebugFast|Win32
		{C5742AC5-ED61-449A-92C5-07341ECDABA6}.Release.ActiveCfg = Release|Win32
		{C5742AC5-ED61-449A-92C5-07341ECDABA6}.Release.Build.0 = Release|Win32
		{C5742AC5-ED61-449A-92C5-07341ECDABA6}.ReleaseDebug.ActiveCfg = ReleaseDebug|Win32
		{C5742AC5-ED61-449A-92C5-07341ECDABA6}.ReleaseDebug.Build.0 = ReleaseDebug|Win32
		{2A1CC355-53D9-44FA-82CF-C6D1CEB121BB}.Debug.ActiveCfg = Debug|Win32
		{2A1CC355-53D9-44FA-82CF-C6D1CEB121BB}.Debug.Build.0 = Debug|Win32
		{2A1CC355-53D9-44FA-82CF-C6D1CEB121BB}.DebugFast.ActiveCfg = DebugFast|Win32
		{2A1CC355-53D9-44FA-82CF-C6D1CEB121BB}.DebugFast.Build.0 = DebugFast|Win32
		{2A1CC355-53D9-44FA-82CF-C6D1CEB121BB}.Release.ActiveCfg = Release|Win32
		{2A1CC355-53D9-44FA-82CF-C6D1CEB121BB}.Release.Build.0 = Release|Win32
		{2A1CC355-53D9-44FA-82CF-C6D1CEB121BB}.ReleaseDebug.ActiveCfg = ReleaseDebug|Win32
		{2A1CC355-53D9-44FA-82CF-C6D1CEB121BB}.ReleaseDebug.Build.0 = ReleaseDebug|Win32
		{D8460D6B-4AD7-467E-BD4E-808768E4D632}.Debug.ActiveCfg = Debug|Win32
		{D8460D6B-4AD7-467E-BD4E-808768E4D632}.Debug.Build.0 = Debug|Win32
		{D8460D6B-4AD7-467E-BD4E-808768E4D632}.DebugFast.ActiveCfg = DebugFast|Win32
		{D8460D6B-4AD7-467E-BD4E-808768E4D632}.DebugFast.Build.0 = DebugFast|Win32
		{D8460D6B-4AD7-467E-BD4E-808768E4D632}.Release.ActiveCfg = Release|Win32
		{D8460D6B-4AD7-467E-BD4E-808768E4D632}.Release.Build.0 = Release|Win32
		{D8460D6B-4AD7-467E-BD4E-808768E4D632}.ReleaseDebug.ActiveCfg = ReleaseDebug|Win32
		{D8460D6B-4AD7-467E-BD4E-808768E4D632}.ReleaseDebug.Build.0 = ReleaseDebug|Win32
		{DFEF50D4-DC70-4813-AE1A-5EFF21B44604}.Debug.ActiveCfg = Debug|Win32
		{DFEF50D4-DC70-4813-AE1A-5EFF21B44604}.Debug.Build.0 = Debug|Win32
		{DFEF50D4-DC70-4813-AE1A-5EFF21B44604}.DebugFast.ActiveCfg = DebugFast|Win32
		{DFEF50D4-DC70-4813-AE1A-5EFF21B44604}.DebugFast.Build.0 = DebugFast|Win32
		{DFEF50D4-DC70-4813-AE1A-5EFF21B44604}.Release.ActiveCfg = Release|Win32
		{DFEF50D4-DC70-4813-AE1A-5EFF21B44604}.Release.Build.0 = Release|Win32
		{DFEF50D4-DC70-4813-AE1A-5EFF21B44604}.ReleaseDebug.ActiveCfg = ReleaseDebug|Win32
		{DFEF50D4-DC70-4813-AE1A-5EFF21B44604}.ReleaseDebug.Build.0 = ReleaseDebug|Win32
	EndGlobalSection
	GlobalSection(ExtensibilityGlobals) = postSolution
	EndGlobalSection
	GlobalSection(ExtensibilityAddIns) = postSolution
	EndGlobalSection
EndGlobal
