Microsoft Visual Studio Solution File, Format Version 7.00
Project("{8BC9CEB8-8B4A-11D0-8D11-00A0C91BC942}") = "3d", "src\3d.vcproj", "{B323FDFE-9E33-4DAC-8A16-9581670FA3E5}"
EndProject
Project("{8BC9CEB8-8B4A-11D0-8D11-00A0C91BC942}") = "driver_dsound", "src\sound\driver\dsound\driver_dsound.vcproj", "{D5321D48-AA1F-41AD-845C-CCAB67B1A93F}"
EndProject
Project("{8BC9CEB8-8B4A-11D0-8D11-00A0C91BC942}") = "driver_openal", "src\sound\driver\openal\driver_openal.vcproj", "{00C79D35-47DC-4276-907F-A065E9FC7F3B}"
EndProject
Project("{8BC9CEB8-8B4A-11D0-8D11-00A0C91BC942}") = "driver_opengl", "src\3d\driver\opengl\driver_opengl.vcproj", "{F6A075D2-99E4-47E1-BAF0-77C931EC5DA4}"
EndProject
Project("{8BC9CEB8-8B4A-11D0-8D11-00A0C91BC942}") = "georges", "src\georges.vcproj", "{3375889D-A87C-4365-9123-D806AE2675F3}"
EndProject
Project("{8BC9CEB8-8B4A-11D0-8D11-00A0C91BC942}") = "ligo", "src\ligo.vcproj", "{5676F60C-D299-422E-B0DB-B7A532723248}"
EndProject
Project("{8BC9CEB8-8B4A-11D0-8D11-00A0C91BC942}") = "logic", "src\logic.vcproj", "{CAB40DE1-5799-4BEA-B2E2-EDB1D41DD6F9}"
EndProject
Project("{8BC9CEB8-8B4A-11D0-8D11-00A0C91BC942}") = "misc", "src\misc.vcproj", "{8FE8E608-981F-4A7E-8446-B04638205632}"
EndProject
Project("{8BC9CEB8-8B4A-11D0-8D11-00A0C91BC942}") = "nel", "SRC\nel.vcproj", "{AEF5A80F-EB80-4A27-B6D7-0049C1727C57}"
EndProject
Project("{8BC9CEB8-8B4A-11D0-8D11-00A0C91BC942}") = "net", "src\net.vcproj", "{74E3FD91-F2E8-4AB9-945C-F045D3FBE19A}"
EndProject
Project("{8BC9CEB8-8B4A-11D0-8D11-00A0C91BC942}") = "pacs", "src\pacs.vcproj", "{9D9ED5B8-ECA3-408F-BD2C-419E18A800EA}"
EndProject
Project("{8BC9CEB8-8B4A-11D0-8D11-00A0C91BC942}") = "sound", "src\sound.vcproj", "{3A1F8887-58C8-45EE-AA08-45D95655B83C}"
EndProject
Project("{8BC9CEB8-8B4A-11D0-8D11-00A0C91BC942}") = "sound_lowlevel", "src\sound\driver\sound_lowlevel.vcproj", "{460F86EA-406A-4A54-86FC-4C63C037924A}"
EndProject
Global
	GlobalSection(SolutionConfiguration) = preSolution
		ConfigName.0 = Debug
		ConfigName.1 = DebugFast
		ConfigName.2 = Release
		ConfigName.3 = ReleaseDebug
	EndGlobalSection
	GlobalSection(ProjectDependencies) = postSolution
		{B323FDFE-9E33-4DAC-8A16-9581670FA3E5}.0 = {8FE8E608-981F-4A7E-8446-B04638205632}
		{D5321D48-AA1F-41AD-845C-CCAB67B1A93F}.0 = {460F86EA-406A-4A54-86FC-4C63C037924A}
		{D5321D48-AA1F-41AD-845C-CCAB67B1A93F}.1 = {8FE8E608-981F-4A7E-8446-B04638205632}
		{00C79D35-47DC-4276-907F-A065E9FC7F3B}.0 = {8FE8E608-981F-4A7E-8446-B04638205632}
		{00C79D35-47DC-4276-907F-A065E9FC7F3B}.1 = {460F86EA-406A-4A54-86FC-4C63C037924A}
		{F6A075D2-99E4-47E1-BAF0-77C931EC5DA4}.0 = {B323FDFE-9E33-4DAC-8A16-9581670FA3E5}
		{AEF5A80F-EB80-4A27-B6D7-0049C1727C57}.0 = {CAB40DE1-5799-4BEA-B2E2-EDB1D41DD6F9}
		{AEF5A80F-EB80-4A27-B6D7-0049C1727C57}.1 = {D5321D48-AA1F-41AD-845C-CCAB67B1A93F}
		{AEF5A80F-EB80-4A27-B6D7-0049C1727C57}.2 = {5676F60C-D299-422E-B0DB-B7A532723248}
		{AEF5A80F-EB80-4A27-B6D7-0049C1727C57}.3 = {3375889D-A87C-4365-9123-D806AE2675F3}
		{AEF5A80F-EB80-4A27-B6D7-0049C1727C57}.4 = {460F86EA-406A-4A54-86FC-4C63C037924A}
		{AEF5A80F-EB80-4A27-B6D7-0049C1727C57}.5 = {3A1F8887-58C8-45EE-AA08-45D95655B83C}
		{AEF5A80F-EB80-4A27-B6D7-0049C1727C57}.6 = {9D9ED5B8-ECA3-408F-BD2C-419E18A800EA}
		{AEF5A80F-EB80-4A27-B6D7-0049C1727C57}.7 = {74E3FD91-F2E8-4AB9-945C-F045D3FBE19A}
		{AEF5A80F-EB80-4A27-B6D7-0049C1727C57}.8 = {8FE8E608-981F-4A7E-8446-B04638205632}
		{AEF5A80F-EB80-4A27-B6D7-0049C1727C57}.9 = {F6A075D2-99E4-47E1-BAF0-77C931EC5DA4}
		{AEF5A80F-EB80-4A27-B6D7-0049C1727C57}.10 = {00C79D35-47DC-4276-907F-A065E9FC7F3B}
		{AEF5A80F-EB80-4A27-B6D7-0049C1727C57}.11 = {B323FDFE-9E33-4DAC-8A16-9581670FA3E5}
		{74E3FD91-F2E8-4AB9-945C-F045D3FBE19A}.0 = {8FE8E608-981F-4A7E-8446-B04638205632}
		{3A1F8887-58C8-45EE-AA08-45D95655B83C}.0 = {460F86EA-406A-4A54-86FC-4C63C037924A}
	EndGlobalSection
	GlobalSection(ProjectConfiguration) = postSolution
		{B323FDFE-9E33-4DAC-8A16-9581670FA3E5}.Debug.ActiveCfg = Debug|Win32
		{B323FDFE-9E33-4DAC-8A16-9581670FA3E5}.Debug.Build.0 = Debug|Win32
		{B323FDFE-9E33-4DAC-8A16-9581670FA3E5}.DebugFast.ActiveCfg = DebugFast|Win32
		{B323FDFE-9E33-4DAC-8A16-9581670FA3E5}.DebugFast.Build.0 = DebugFast|Win32
		{B323FDFE-9E33-4DAC-8A16-9581670FA3E5}.Release.ActiveCfg = Release|Win32
		{B323FDFE-9E33-4DAC-8A16-9581670FA3E5}.Release.Build.0 = Release|Win32
		{B323FDFE-9E33-4DAC-8A16-9581670FA3E5}.ReleaseDebug.ActiveCfg = ReleaseDebug|Win32
		{B323FDFE-9E33-4DAC-8A16-9581670FA3E5}.ReleaseDebug.Build.0 = ReleaseDebug|Win32
		{D5321D48-AA1F-41AD-845C-CCAB67B1A93F}.Debug.ActiveCfg = Debug|Win32
		{D5321D48-AA1F-41AD-845C-CCAB67B1A93F}.Debug.Build.0 = Debug|Win32
		{D5321D48-AA1F-41AD-845C-CCAB67B1A93F}.DebugFast.ActiveCfg = DebugFast|Win32
		{D5321D48-AA1F-41AD-845C-CCAB67B1A93F}.DebugFast.Build.0 = DebugFast|Win32
		{D5321D48-AA1F-41AD-845C-CCAB67B1A93F}.Release.ActiveCfg = Release|Win32
		{D5321D48-AA1F-41AD-845C-CCAB67B1A93F}.Release.Build.0 = Release|Win32
		{D5321D48-AA1F-41AD-845C-CCAB67B1A93F}.ReleaseDebug.ActiveCfg = ReleaseDebug|Win32
		{D5321D48-AA1F-41AD-845C-CCAB67B1A93F}.ReleaseDebug.Build.0 = ReleaseDebug|Win32
		{00C79D35-47DC-4276-907F-A065E9FC7F3B}.Debug.ActiveCfg = Debug|Win32
		{00C79D35-47DC-4276-907F-A065E9FC7F3B}.Debug.Build.0 = Debug|Win32
		{00C79D35-47DC-4276-907F-A065E9FC7F3B}.DebugFast.ActiveCfg = DebugFast|Win32
		{00C79D35-47DC-4276-907F-A065E9FC7F3B}.DebugFast.Build.0 = DebugFast|Win32
		{00C79D35-47DC-4276-907F-A065E9FC7F3B}.Release.ActiveCfg = Release|Win32
		{00C79D35-47DC-4276-907F-A065E9FC7F3B}.Release.Build.0 = Release|Win32
		{00C79D35-47DC-4276-907F-A065E9FC7F3B}.ReleaseDebug.ActiveCfg = ReleaseDebug|Win32
		{00C79D35-47DC-4276-907F-A065E9FC7F3B}.ReleaseDebug.Build.0 = ReleaseDebug|Win32
		{F6A075D2-99E4-47E1-BAF0-77C931EC5DA4}.Debug.ActiveCfg = Debug|Win32
		{F6A075D2-99E4-47E1-BAF0-77C931EC5DA4}.Debug.Build.0 = Debug|Win32
		{F6A075D2-99E4-47E1-BAF0-77C931EC5DA4}.DebugFast.ActiveCfg = DebugFast|Win32
		{F6A075D2-99E4-47E1-BAF0-77C931EC5DA4}.DebugFast.Build.0 = DebugFast|Win32
		{F6A075D2-99E4-47E1-BAF0-77C931EC5DA4}.Release.ActiveCfg = Release|Win32
		{F6A075D2-99E4-47E1-BAF0-77C931EC5DA4}.Release.Build.0 = Release|Win32
		{F6A075D2-99E4-47E1-BAF0-77C931EC5DA4}.ReleaseDebug.ActiveCfg = ReleaseDebug|Win32
		{F6A075D2-99E4-47E1-BAF0-77C931EC5DA4}.ReleaseDebug.Build.0 = ReleaseDebug|Win32
		{3375889D-A87C-4365-9123-D806AE2675F3}.Debug.ActiveCfg = Debug|Win32
		{3375889D-A87C-4365-9123-D806AE2675F3}.Debug.Build.0 = Debug|Win32
		{3375889D-A87C-4365-9123-D806AE2675F3}.DebugFast.ActiveCfg = DebugFast|Win32
		{3375889D-A87C-4365-9123-D806AE2675F3}.DebugFast.Build.0 = DebugFast|Win32
		{3375889D-A87C-4365-9123-D806AE2675F3}.Release.ActiveCfg = Release|Win32
		{3375889D-A87C-4365-9123-D806AE2675F3}.Release.Build.0 = Release|Win32
		{3375889D-A87C-4365-9123-D806AE2675F3}.ReleaseDebug.ActiveCfg = ReleaseDebug|Win32
		{3375889D-A87C-4365-9123-D806AE2675F3}.ReleaseDebug.Build.0 = ReleaseDebug|Win32
		{5676F60C-D299-422E-B0DB-B7A532723248}.Debug.ActiveCfg = Debug|Win32
		{5676F60C-D299-422E-B0DB-B7A532723248}.Debug.Build.0 = Debug|Win32
		{5676F60C-D299-422E-B0DB-B7A532723248}.DebugFast.ActiveCfg = DebugFast|Win32
		{5676F60C-D299-422E-B0DB-B7A532723248}.DebugFast.Build.0 = DebugFast|Win32
		{5676F60C-D299-422E-B0DB-B7A532723248}.Release.ActiveCfg = Release|Win32
		{5676F60C-D299-422E-B0DB-B7A532723248}.Release.Build.0 = Release|Win32
		{5676F60C-D299-422E-B0DB-B7A532723248}.ReleaseDebug.ActiveCfg = ReleaseDebug|Win32
		{5676F60C-D299-422E-B0DB-B7A532723248}.ReleaseDebug.Build.0 = ReleaseDebug|Win32
		{CAB40DE1-5799-4BEA-B2E2-EDB1D41DD6F9}.Debug.ActiveCfg = Debug|Win32
		{CAB40DE1-5799-4BEA-B2E2-EDB1D41DD6F9}.Debug.Build.0 = Debug|Win32
		{CAB40DE1-5799-4BEA-B2E2-EDB1D41DD6F9}.DebugFast.ActiveCfg = DebugFast|Win32
		{CAB40DE1-5799-4BEA-B2E2-EDB1D41DD6F9}.DebugFast.Build.0 = DebugFast|Win32
		{CAB40DE1-5799-4BEA-B2E2-EDB1D41DD6F9}.Release.ActiveCfg = Release|Win32
		{CAB40DE1-5799-4BEA-B2E2-EDB1D41DD6F9}.Release.Build.0 = Release|Win32
		{CAB40DE1-5799-4BEA-B2E2-EDB1D41DD6F9}.ReleaseDebug.ActiveCfg = ReleaseDebug|Win32
		{CAB40DE1-5799-4BEA-B2E2-EDB1D41DD6F9}.ReleaseDebug.Build.0 = ReleaseDebug|Win32
		{8FE8E608-981F-4A7E-8446-B04638205632}.Debug.ActiveCfg = Debug|Win32
		{8FE8E608-981F-4A7E-8446-B04638205632}.Debug.Build.0 = Debug|Win32
		{8FE8E608-981F-4A7E-8446-B04638205632}.DebugFast.ActiveCfg = DebugFast|Win32
		{8FE8E608-981F-4A7E-8446-B04638205632}.DebugFast.Build.0 = DebugFast|Win32
		{8FE8E608-981F-4A7E-8446-B04638205632}.Release.ActiveCfg = Release|Win32
		{8FE8E608-981F-4A7E-8446-B04638205632}.Release.Build.0 = Release|Win32
		{8FE8E608-981F-4A7E-8446-B04638205632}.ReleaseDebug.ActiveCfg = ReleaseDebug|Win32
		{8FE8E608-981F-4A7E-8446-B04638205632}.ReleaseDebug.Build.0 = ReleaseDebug|Win32
		{AEF5A80F-EB80-4A27-B6D7-0049C1727C57}.Debug.ActiveCfg = Debug|Win32
		{AEF5A80F-EB80-4A27-B6D7-0049C1727C57}.Debug.Build.0 = Debug|Win32
		{AEF5A80F-EB80-4A27-B6D7-0049C1727C57}.DebugFast.ActiveCfg = DebugFast|Win32
		{AEF5A80F-EB80-4A27-B6D7-0049C1727C57}.DebugFast.Build.0 = DebugFast|Win32
		{AEF5A80F-EB80-4A27-B6D7-0049C1727C57}.Release.ActiveCfg = Release|Win32
		{AEF5A80F-EB80-4A27-B6D7-0049C1727C57}.Release.Build.0 = Release|Win32
		{AEF5A80F-EB80-4A27-B6D7-0049C1727C57}.ReleaseDebug.ActiveCfg = ReleaseDebug|Win32
		{AEF5A80F-EB80-4A27-B6D7-0049C1727C57}.ReleaseDebug.Build.0 = ReleaseDebug|Win32
		{74E3FD91-F2E8-4AB9-945C-F045D3FBE19A}.Debug.ActiveCfg = Debug|Win32
		{74E3FD91-F2E8-4AB9-945C-F045D3FBE19A}.Debug.Build.0 = Debug|Win32
		{74E3FD91-F2E8-4AB9-945C-F045D3FBE19A}.DebugFast.ActiveCfg = DebugFast|Win32
		{74E3FD91-F2E8-4AB9-945C-F045D3FBE19A}.DebugFast.Build.0 = DebugFast|Win32
		{74E3FD91-F2E8-4AB9-945C-F045D3FBE19A}.Release.ActiveCfg = Release|Win32
		{74E3FD91-F2E8-4AB9-945C-F045D3FBE19A}.Release.Build.0 = Release|Win32
		{74E3FD91-F2E8-4AB9-945C-F045D3FBE19A}.ReleaseDebug.ActiveCfg = ReleaseDebug|Win32
		{74E3FD91-F2E8-4AB9-945C-F045D3FBE19A}.ReleaseDebug.Build.0 = ReleaseDebug|Win32
		{9D9ED5B8-ECA3-408F-BD2C-419E18A800EA}.Debug.ActiveCfg = Debug|Win32
		{9D9ED5B8-ECA3-408F-BD2C-419E18A800EA}.Debug.Build.0 = Debug|Win32
		{9D9ED5B8-ECA3-408F-BD2C-419E18A800EA}.DebugFast.ActiveCfg = DebugFast|Win32
		{9D9ED5B8-ECA3-408F-BD2C-419E18A800EA}.DebugFast.Build.0 = DebugFast|Win32
		{9D9ED5B8-ECA3-408F-BD2C-419E18A800EA}.Release.ActiveCfg = Release|Win32
		{9D9ED5B8-ECA3-408F-BD2C-419E18A800EA}.Release.Build.0 = Release|Win32
		{9D9ED5B8-ECA3-408F-BD2C-419E18A800EA}.ReleaseDebug.ActiveCfg = ReleaseDebug|Win32
		{9D9ED5B8-ECA3-408F-BD2C-419E18A800EA}.ReleaseDebug.Build.0 = ReleaseDebug|Win32
		{3A1F8887-58C8-45EE-AA08-45D95655B83C}.Debug.ActiveCfg = Debug|Win32
		{3A1F8887-58C8-45EE-AA08-45D95655B83C}.Debug.Build.0 = Debug|Win32
		{3A1F8887-58C8-45EE-AA08-45D95655B83C}.DebugFast.ActiveCfg = DebugFast|Win32
		{3A1F8887-58C8-45EE-AA08-45D95655B83C}.DebugFast.Build.0 = DebugFast|Win32
		{3A1F8887-58C8-45EE-AA08-45D95655B83C}.Release.ActiveCfg = Release|Win32
		{3A1F8887-58C8-45EE-AA08-45D95655B83C}.Release.Build.0 = Release|Win32
		{3A1F8887-58C8-45EE-AA08-45D95655B83C}.ReleaseDebug.ActiveCfg = ReleaseDebug|Win32
		{3A1F8887-58C8-45EE-AA08-45D95655B83C}.ReleaseDebug.Build.0 = ReleaseDebug|Win32
		{460F86EA-406A-4A54-86FC-4C63C037924A}.Debug.ActiveCfg = Debug|Win32
		{460F86EA-406A-4A54-86FC-4C63C037924A}.Debug.Build.0 = Debug|Win32
		{460F86EA-406A-4A54-86FC-4C63C037924A}.DebugFast.ActiveCfg = DebugFast|Win32
		{460F86EA-406A-4A54-86FC-4C63C037924A}.DebugFast.Build.0 = DebugFast|Win32
		{460F86EA-406A-4A54-86FC-4C63C037924A}.Release.ActiveCfg = Release|Win32
		{460F86EA-406A-4A54-86FC-4C63C037924A}.Release.Build.0 = Release|Win32
		{460F86EA-406A-4A54-86FC-4C63C037924A}.ReleaseDebug.ActiveCfg = ReleaseDebug|Win32
		{460F86EA-406A-4A54-86FC-4C63C037924A}.ReleaseDebug.Build.0 = ReleaseDebug|Win32
	EndGlobalSection
	GlobalSection(ExtensibilityGlobals) = postSolution
	EndGlobalSection
	GlobalSection(ExtensibilityAddIns) = postSolution
	EndGlobalSection
EndGlobal
